// !$*UTF8*$!
{
	archiveVersion = 1;
	classes = {
	};
	objectVersion = 56;
	objects = {

/* Begin PBXBuildFile section */
		E11DC0512B5B3E8A00545FA1 /* MovieBackdropCard.swift in Sources */ = {isa = PBXBuildFile; fileRef = E11DC0502B5B3E8A00545FA1 /* MovieBackdropCard.swift */; };
		E11DC0542B5B3FDA00545FA1 /* ImageLoader.swift in Sources */ = {isa = PBXBuildFile; fileRef = E11DC0532B5B3FDA00545FA1 /* ImageLoader.swift */; };
		E15910412AFCF76A00B8BD9A /* SwiftUIMovieDbApp.swift in Sources */ = {isa = PBXBuildFile; fileRef = E15910402AFCF76A00B8BD9A /* SwiftUIMovieDbApp.swift */; };
		E15910432AFCF76A00B8BD9A /* ContentView.swift in Sources */ = {isa = PBXBuildFile; fileRef = E15910422AFCF76A00B8BD9A /* ContentView.swift */; };
		E15910452AFCF76B00B8BD9A /* Assets.xcassets in Resources */ = {isa = PBXBuildFile; fileRef = E15910442AFCF76B00B8BD9A /* Assets.xcassets */; };
		E15910482AFCF76B00B8BD9A /* Preview Assets.xcassets in Resources */ = {isa = PBXBuildFile; fileRef = E15910472AFCF76B00B8BD9A /* Preview Assets.xcassets */; };
		E15910522AFCF76B00B8BD9A /* SwiftUIMovieDbTests.swift in Sources */ = {isa = PBXBuildFile; fileRef = E15910512AFCF76B00B8BD9A /* SwiftUIMovieDbTests.swift */; };
		E159105C2AFCF76B00B8BD9A /* SwiftUIMovieDbUITests.swift in Sources */ = {isa = PBXBuildFile; fileRef = E159105B2AFCF76B00B8BD9A /* SwiftUIMovieDbUITests.swift */; };
		E159105E2AFCF76B00B8BD9A /* SwiftUIMovieDbUITestsLaunchTests.swift in Sources */ = {isa = PBXBuildFile; fileRef = E159105D2AFCF76B00B8BD9A /* SwiftUIMovieDbUITestsLaunchTests.swift */; };
		E159106C2AFD038700B8BD9A /* Movie.swift in Sources */ = {isa = PBXBuildFile; fileRef = E159106B2AFD038700B8BD9A /* Movie.swift */; };
		E159106F2AFD26D100B8BD9A /* MovieService.swift in Sources */ = {isa = PBXBuildFile; fileRef = E159106E2AFD26D100B8BD9A /* MovieService.swift */; };
		E1C4F53E2B3311C1009BBB37 /* Movie+Stub.swift in Sources */ = {isa = PBXBuildFile; fileRef = E1C4F53D2B3311C1009BBB37 /* Movie+Stub.swift */; };
		E1C4F54B2B332278009BBB37 /* movie_list.json in Resources */ = {isa = PBXBuildFile; fileRef = E1C4F5482B332278009BBB37 /* movie_list.json */; };
		E1C4F54C2B332278009BBB37 /* movie_info.json in Resources */ = {isa = PBXBuildFile; fileRef = E1C4F5492B332278009BBB37 /* movie_info.json */; };
		E1C4F54D2B332278009BBB37 /* search_movie.json in Resources */ = {isa = PBXBuildFile; fileRef = E1C4F54A2B332278009BBB37 /* search_movie.json */; };
		E1D31DEB2B07BD3A00AEAC19 /* MovieStore.swift in Sources */ = {isa = PBXBuildFile; fileRef = E1D31DEA2B07BD3A00AEAC19 /* MovieStore.swift */; };
		E1D31DED2B07CB5800AEAC19 /* Utils.swift in Sources */ = {isa = PBXBuildFile; fileRef = E1D31DEC2B07CB5800AEAC19 /* Utils.swift */; };
/* End PBXBuildFile section */

/* Begin PBXContainerItemProxy section */
		E159104E2AFCF76B00B8BD9A /* PBXContainerItemProxy */ = {
			isa = PBXContainerItemProxy;
			containerPortal = E15910352AFCF76A00B8BD9A /* Project object */;
			proxyType = 1;
			remoteGlobalIDString = E159103C2AFCF76A00B8BD9A;
			remoteInfo = SwiftUIMovieDb;
		};
		E15910582AFCF76B00B8BD9A /* PBXContainerItemProxy */ = {
			isa = PBXContainerItemProxy;
			containerPortal = E15910352AFCF76A00B8BD9A /* Project object */;
			proxyType = 1;
			remoteGlobalIDString = E159103C2AFCF76A00B8BD9A;
			remoteInfo = SwiftUIMovieDb;
		};
/* End PBXContainerItemProxy section */

/* Begin PBXFileReference section */
		E11DC0502B5B3E8A00545FA1 /* MovieBackdropCard.swift */ = {isa = PBXFileReference; lastKnownFileType = sourcecode.swift; path = MovieBackdropCard.swift; sourceTree = "<group>"; };
		E11DC0532B5B3FDA00545FA1 /* ImageLoader.swift */ = {isa = PBXFileReference; lastKnownFileType = sourcecode.swift; path = ImageLoader.swift; sourceTree = "<group>"; };
		E159103D2AFCF76A00B8BD9A /* SwiftUIMovieDb.app */ = {isa = PBXFileReference; explicitFileType = wrapper.application; includeInIndex = 0; path = SwiftUIMovieDb.app; sourceTree = BUILT_PRODUCTS_DIR; };
		E15910402AFCF76A00B8BD9A /* SwiftUIMovieDbApp.swift */ = {isa = PBXFileReference; lastKnownFileType = sourcecode.swift; path = SwiftUIMovieDbApp.swift; sourceTree = "<group>"; };
		E15910422AFCF76A00B8BD9A /* ContentView.swift */ = {isa = PBXFileReference; lastKnownFileType = sourcecode.swift; path = ContentView.swift; sourceTree = "<group>"; };
		E15910442AFCF76B00B8BD9A /* Assets.xcassets */ = {isa = PBXFileReference; lastKnownFileType = folder.assetcatalog; path = Assets.xcassets; sourceTree = "<group>"; };
		E15910472AFCF76B00B8BD9A /* Preview Assets.xcassets */ = {isa = PBXFileReference; lastKnownFileType = folder.assetcatalog; path = "Preview Assets.xcassets"; sourceTree = "<group>"; };
		E159104D2AFCF76B00B8BD9A /* SwiftUIMovieDbTests.xctest */ = {isa = PBXFileReference; explicitFileType = wrapper.cfbundle; includeInIndex = 0; path = SwiftUIMovieDbTests.xctest; sourceTree = BUILT_PRODUCTS_DIR; };
		E15910512AFCF76B00B8BD9A /* SwiftUIMovieDbTests.swift */ = {isa = PBXFileReference; lastKnownFileType = sourcecode.swift; path = SwiftUIMovieDbTests.swift; sourceTree = "<group>"; };
		E15910572AFCF76B00B8BD9A /* SwiftUIMovieDbUITests.xctest */ = {isa = PBXFileReference; explicitFileType = wrapper.cfbundle; includeInIndex = 0; path = SwiftUIMovieDbUITests.xctest; sourceTree = BUILT_PRODUCTS_DIR; };
		E159105B2AFCF76B00B8BD9A /* SwiftUIMovieDbUITests.swift */ = {isa = PBXFileReference; lastKnownFileType = sourcecode.swift; path = SwiftUIMovieDbUITests.swift; sourceTree = "<group>"; };
		E159105D2AFCF76B00B8BD9A /* SwiftUIMovieDbUITestsLaunchTests.swift */ = {isa = PBXFileReference; lastKnownFileType = sourcecode.swift; path = SwiftUIMovieDbUITestsLaunchTests.swift; sourceTree = "<group>"; };
		E159106B2AFD038700B8BD9A /* Movie.swift */ = {isa = PBXFileReference; lastKnownFileType = sourcecode.swift; path = Movie.swift; sourceTree = "<group>"; };
		E159106E2AFD26D100B8BD9A /* MovieService.swift */ = {isa = PBXFileReference; lastKnownFileType = sourcecode.swift; path = MovieService.swift; sourceTree = "<group>"; };
		E1C4F53D2B3311C1009BBB37 /* Movie+Stub.swift */ = {isa = PBXFileReference; lastKnownFileType = sourcecode.swift; path = "Movie+Stub.swift"; sourceTree = "<group>"; };
		E1C4F5482B332278009BBB37 /* movie_list.json */ = {isa = PBXFileReference; fileEncoding = 4; lastKnownFileType = text.json; path = movie_list.json; sourceTree = "<group>"; };
		E1C4F5492B332278009BBB37 /* movie_info.json */ = {isa = PBXFileReference; fileEncoding = 4; lastKnownFileType = text.json; path = movie_info.json; sourceTree = "<group>"; };
		E1C4F54A2B332278009BBB37 /* search_movie.json */ = {isa = PBXFileReference; fileEncoding = 4; lastKnownFileType = text.json; path = search_movie.json; sourceTree = "<group>"; };
		E1D31DEA2B07BD3A00AEAC19 /* MovieStore.swift */ = {isa = PBXFileReference; lastKnownFileType = sourcecode.swift; path = MovieStore.swift; sourceTree = "<group>"; };
		E1D31DEC2B07CB5800AEAC19 /* Utils.swift */ = {isa = PBXFileReference; lastKnownFileType = sourcecode.swift; path = Utils.swift; sourceTree = "<group>"; };
/* End PBXFileReference section */

/* Begin PBXFrameworksBuildPhase section */
		E159103A2AFCF76A00B8BD9A /* Frameworks */ = {
			isa = PBXFrameworksBuildPhase;
			buildActionMask = 2147483647;
			files = (
			);
			runOnlyForDeploymentPostprocessing = 0;
		};
		E159104A2AFCF76B00B8BD9A /* Frameworks */ = {
			isa = PBXFrameworksBuildPhase;
			buildActionMask = 2147483647;
			files = (
			);
			runOnlyForDeploymentPostprocessing = 0;
		};
		E15910542AFCF76B00B8BD9A /* Frameworks */ = {
			isa = PBXFrameworksBuildPhase;
			buildActionMask = 2147483647;
			files = (
			);
			runOnlyForDeploymentPostprocessing = 0;
		};
/* End PBXFrameworksBuildPhase section */

/* Begin PBXGroup section */
		E11DC04F2B5B3E1600545FA1 /* Views */ = {
			isa = PBXGroup;
			children = (
				E11DC0502B5B3E8A00545FA1 /* MovieBackdropCard.swift */,
			);
			path = Views;
			sourceTree = "<group>";
		};
		E11DC0522B5B3FAE00545FA1 /* Bindings */ = {
			isa = PBXGroup;
			children = (
				E11DC0532B5B3FDA00545FA1 /* ImageLoader.swift */,
			);
			path = Bindings;
			sourceTree = "<group>";
		};
		E15910342AFCF76A00B8BD9A = {
			isa = PBXGroup;
			children = (
				E159103F2AFCF76A00B8BD9A /* SwiftUIMovieDb */,
				E15910502AFCF76B00B8BD9A /* SwiftUIMovieDbTests */,
				E159105A2AFCF76B00B8BD9A /* SwiftUIMovieDbUITests */,
				E159103E2AFCF76A00B8BD9A /* Products */,
			);
			sourceTree = "<group>";
		};
		E159103E2AFCF76A00B8BD9A /* Products */ = {
			isa = PBXGroup;
			children = (
				E159103D2AFCF76A00B8BD9A /* SwiftUIMovieDb.app */,
				E159104D2AFCF76B00B8BD9A /* SwiftUIMovieDbTests.xctest */,
				E15910572AFCF76B00B8BD9A /* SwiftUIMovieDbUITests.xctest */,
			);
			name = Products;
			sourceTree = "<group>";
		};
		E159103F2AFCF76A00B8BD9A /* SwiftUIMovieDb */ = {
			isa = PBXGroup;
			children = (
				E11DC0522B5B3FAE00545FA1 /* Bindings */,
				E11DC04F2B5B3E1600545FA1 /* Views */,
				E15910402AFCF76A00B8BD9A /* SwiftUIMovieDbApp.swift */,
				E15910422AFCF76A00B8BD9A /* ContentView.swift */,
				E1D31DEC2B07CB5800AEAC19 /* Utils.swift */,
				E1C4F53F2B33121C009BBB37 /* Resources */,
				E159106D2AFD261D00B8BD9A /* Services */,
				E159106A2AFD033900B8BD9A /* Models */,
				E15910442AFCF76B00B8BD9A /* Assets.xcassets */,
				E15910462AFCF76B00B8BD9A /* Preview Content */,
			);
			path = SwiftUIMovieDb;
			sourceTree = "<group>";
		};
		E15910462AFCF76B00B8BD9A /* Preview Content */ = {
			isa = PBXGroup;
			children = (
				E15910472AFCF76B00B8BD9A /* Preview Assets.xcassets */,
			);
			path = "Preview Content";
			sourceTree = "<group>";
		};
		E15910502AFCF76B00B8BD9A /* SwiftUIMovieDbTests */ = {
			isa = PBXGroup;
			children = (
				E15910512AFCF76B00B8BD9A /* SwiftUIMovieDbTests.swift */,
			);
			path = SwiftUIMovieDbTests;
			sourceTree = "<group>";
		};
		E159105A2AFCF76B00B8BD9A /* SwiftUIMovieDbUITests */ = {
			isa = PBXGroup;
			children = (
				E159105B2AFCF76B00B8BD9A /* SwiftUIMovieDbUITests.swift */,
				E159105D2AFCF76B00B8BD9A /* SwiftUIMovieDbUITestsLaunchTests.swift */,
			);
			path = SwiftUIMovieDbUITests;
			sourceTree = "<group>";
		};
		E159106A2AFD033900B8BD9A /* Models */ = {
			isa = PBXGroup;
			children = (
				E159106B2AFD038700B8BD9A /* Movie.swift */,
				E1C4F53D2B3311C1009BBB37 /* Movie+Stub.swift */,
			);
			path = Models;
			sourceTree = "<group>";
		};
		E159106D2AFD261D00B8BD9A /* Services */ = {
			isa = PBXGroup;
			children = (
				E159106E2AFD26D100B8BD9A /* MovieService.swift */,
				E1D31DEA2B07BD3A00AEAC19 /* MovieStore.swift */,
			);
			path = Services;
			sourceTree = "<group>";
		};
		E1C4F53F2B33121C009BBB37 /* Resources */ = {
			isa = PBXGroup;
			children = (
				E1C4F5492B332278009BBB37 /* movie_info.json */,
				E1C4F5482B332278009BBB37 /* movie_list.json */,
				E1C4F54A2B332278009BBB37 /* search_movie.json */,
			);
			path = Resources;
			sourceTree = "<group>";
		};
/* End PBXGroup section */

/* Begin PBXNativeTarget section */
		E159103C2AFCF76A00B8BD9A /* SwiftUIMovieDb */ = {
			isa = PBXNativeTarget;
			buildConfigurationList = E15910612AFCF76B00B8BD9A /* Build configuration list for PBXNativeTarget "SwiftUIMovieDb" */;
			buildPhases = (
				E15910392AFCF76A00B8BD9A /* Sources */,
				E159103A2AFCF76A00B8BD9A /* Frameworks */,
				E159103B2AFCF76A00B8BD9A /* Resources */,
			);
			buildRules = (
			);
			dependencies = (
			);
			name = SwiftUIMovieDb;
			productName = SwiftUIMovieDb;
			productReference = E159103D2AFCF76A00B8BD9A /* SwiftUIMovieDb.app */;
			productType = "com.apple.product-type.application";
		};
		E159104C2AFCF76B00B8BD9A /* SwiftUIMovieDbTests */ = {
			isa = PBXNativeTarget;
			buildConfigurationList = E15910642AFCF76B00B8BD9A /* Build configuration list for PBXNativeTarget "SwiftUIMovieDbTests" */;
			buildPhases = (
				E15910492AFCF76B00B8BD9A /* Sources */,
				E159104A2AFCF76B00B8BD9A /* Frameworks */,
				E159104B2AFCF76B00B8BD9A /* Resources */,
			);
			buildRules = (
			);
			dependencies = (
				E159104F2AFCF76B00B8BD9A /* PBXTargetDependency */,
			);
			name = SwiftUIMovieDbTests;
			productName = SwiftUIMovieDbTests;
			productReference = E159104D2AFCF76B00B8BD9A /* SwiftUIMovieDbTests.xctest */;
			productType = "com.apple.product-type.bundle.unit-test";
		};
		E15910562AFCF76B00B8BD9A /* SwiftUIMovieDbUITests */ = {
			isa = PBXNativeTarget;
			buildConfigurationList = E15910672AFCF76B00B8BD9A /* Build configuration list for PBXNativeTarget "SwiftUIMovieDbUITests" */;
			buildPhases = (
				E15910532AFCF76B00B8BD9A /* Sources */,
				E15910542AFCF76B00B8BD9A /* Frameworks */,
				E15910552AFCF76B00B8BD9A /* Resources */,
			);
			buildRules = (
			);
			dependencies = (
				E15910592AFCF76B00B8BD9A /* PBXTargetDependency */,
			);
			name = SwiftUIMovieDbUITests;
			productName = SwiftUIMovieDbUITests;
			productReference = E15910572AFCF76B00B8BD9A /* SwiftUIMovieDbUITests.xctest */;
			productType = "com.apple.product-type.bundle.ui-testing";
		};
/* End PBXNativeTarget section */

/* Begin PBXProject section */
		E15910352AFCF76A00B8BD9A /* Project object */ = {
			isa = PBXProject;
			attributes = {
				BuildIndependentTargetsInParallel = 1;
				LastSwiftUpdateCheck = 1500;
				LastUpgradeCheck = 1500;
				TargetAttributes = {
					E159103C2AFCF76A00B8BD9A = {
						CreatedOnToolsVersion = 15.0.1;
					};
					E159104C2AFCF76B00B8BD9A = {
						CreatedOnToolsVersion = 15.0.1;
						TestTargetID = E159103C2AFCF76A00B8BD9A;
					};
					E15910562AFCF76B00B8BD9A = {
						CreatedOnToolsVersion = 15.0.1;
						TestTargetID = E159103C2AFCF76A00B8BD9A;
					};
				};
			};
			buildConfigurationList = E15910382AFCF76A00B8BD9A /* Build configuration list for PBXProject "SwiftUIMovieDb" */;
			compatibilityVersion = "Xcode 14.0";
			developmentRegion = en;
			hasScannedForEncodings = 0;
			knownRegions = (
				en,
				Base,
			);
			mainGroup = E15910342AFCF76A00B8BD9A;
			productRefGroup = E159103E2AFCF76A00B8BD9A /* Products */;
			projectDirPath = "";
			projectRoot = "";
			targets = (
				E159103C2AFCF76A00B8BD9A /* SwiftUIMovieDb */,
				E159104C2AFCF76B00B8BD9A /* SwiftUIMovieDbTests */,
				E15910562AFCF76B00B8BD9A /* SwiftUIMovieDbUITests */,
			);
		};
/* End PBXProject section */

/* Begin PBXResourcesBuildPhase section */
		E159103B2AFCF76A00B8BD9A /* Resources */ = {
			isa = PBXResourcesBuildPhase;
			buildActionMask = 2147483647;
			files = (
				E15910482AFCF76B00B8BD9A /* Preview Assets.xcassets in Resources */,
				E1C4F54B2B332278009BBB37 /* movie_list.json in Resources */,
				E1C4F54C2B332278009BBB37 /* movie_info.json in Resources */,
				E1C4F54D2B332278009BBB37 /* search_movie.json in Resources */,
				E15910452AFCF76B00B8BD9A /* Assets.xcassets in Resources */,
			);
			runOnlyForDeploymentPostprocessing = 0;
		};
		E159104B2AFCF76B00B8BD9A /* Resources */ = {
			isa = PBXResourcesBuildPhase;
			buildActionMask = 2147483647;
			files = (
			);
			runOnlyForDeploymentPostprocessing = 0;
		};
		E15910552AFCF76B00B8BD9A /* Resources */ = {
			isa = PBXResourcesBuildPhase;
			buildActionMask = 2147483647;
			files = (
			);
			runOnlyForDeploymentPostprocessing = 0;
		};
/* End PBXResourcesBuildPhase section */

/* Begin PBXSourcesBuildPhase section */
		E15910392AFCF76A00B8BD9A /* Sources */ = {
			isa = PBXSourcesBuildPhase;
			buildActionMask = 2147483647;
			files = (
				E15910432AFCF76A00B8BD9A /* ContentView.swift in Sources */,
				E15910412AFCF76A00B8BD9A /* SwiftUIMovieDbApp.swift in Sources */,
				E11DC0512B5B3E8A00545FA1 /* MovieBackdropCard.swift in Sources */,
				E159106F2AFD26D100B8BD9A /* MovieService.swift in Sources */,
				E1C4F53E2B3311C1009BBB37 /* Movie+Stub.swift in Sources */,
				E11DC0542B5B3FDA00545FA1 /* ImageLoader.swift in Sources */,
				E159106C2AFD038700B8BD9A /* Movie.swift in Sources */,
				E1D31DEB2B07BD3A00AEAC19 /* MovieStore.swift in Sources */,
				E1D31DED2B07CB5800AEAC19 /* Utils.swift in Sources */,
			);
			runOnlyForDeploymentPostprocessing = 0;
		};
		E15910492AFCF76B00B8BD9A /* Sources */ = {
			isa = PBXSourcesBuildPhase;
			buildActionMask = 2147483647;
			files = (
				E15910522AFCF76B00B8BD9A /* SwiftUIMovieDbTests.swift in Sources */,
			);
			runOnlyForDeploymentPostprocessing = 0;
		};
		E15910532AFCF76B00B8BD9A /* Sources */ = {
			isa = PBXSourcesBuildPhase;
			buildActionMask = 2147483647;
			files = (
				E159105C2AFCF76B00B8BD9A /* SwiftUIMovieDbUITests.swift in Sources */,
				E159105E2AFCF76B00B8BD9A /* SwiftUIMovieDbUITestsLaunchTests.swift in Sources */,
			);
			runOnlyForDeploymentPostprocessing = 0;
		};
/* End PBXSourcesBuildPhase section */

/* Begin PBXTargetDependency section */
		E159104F2AFCF76B00B8BD9A /* PBXTargetDependency */ = {
			isa = PBXTargetDependency;
			target = E159103C2AFCF76A00B8BD9A /* SwiftUIMovieDb */;
			targetProxy = E159104E2AFCF76B00B8BD9A /* PBXContainerItemProxy */;
		};
		E15910592AFCF76B00B8BD9A /* PBXTargetDependency */ = {
			isa = PBXTargetDependency;
			target = E159103C2AFCF76A00B8BD9A /* SwiftUIMovieDb */;
			targetProxy = E15910582AFCF76B00B8BD9A /* PBXContainerItemProxy */;
		};
/* End PBXTargetDependency section */

/* Begin XCBuildConfiguration section */
		E159105F2AFCF76B00B8BD9A /* Debug */ = {
			isa = XCBuildConfiguration;
			buildSettings = {
				ALWAYS_SEARCH_USER_PATHS = NO;
				ASSETCATALOG_COMPILER_GENERATE_SWIFT_ASSET_SYMBOL_EXTENSIONS = YES;
				CLANG_ANALYZER_NONNULL = YES;
				CLANG_ANALYZER_NUMBER_OBJECT_CONVERSION = YES_AGGRESSIVE;
				CLANG_CXX_LANGUAGE_STANDARD = "gnu++20";
				CLANG_ENABLE_MODULES = YES;
				CLANG_ENABLE_OBJC_ARC = YES;
				CLANG_ENABLE_OBJC_WEAK = YES;
				CLANG_WARN_BLOCK_CAPTURE_AUTORELEASING = YES;
				CLANG_WARN_BOOL_CONVERSION = YES;
				CLANG_WARN_COMMA = YES;
				CLANG_WARN_CONSTANT_CONVERSION = YES;
				CLANG_WARN_DEPRECATED_OBJC_IMPLEMENTATIONS = YES;
				CLANG_WARN_DIRECT_OBJC_ISA_USAGE = YES_ERROR;
				CLANG_WARN_DOCUMENTATION_COMMENTS = YES;
				CLANG_WARN_EMPTY_BODY = YES;
				CLANG_WARN_ENUM_CONVERSION = YES;
				CLANG_WARN_INFINITE_RECURSION = YES;
				CLANG_WARN_INT_CONVERSION = YES;
				CLANG_WARN_NON_LITERAL_NULL_CONVERSION = YES;
				CLANG_WARN_OBJC_IMPLICIT_RETAIN_SELF = YES;
				CLANG_WARN_OBJC_LITERAL_CONVERSION = YES;
				CLANG_WARN_OBJC_ROOT_CLASS = YES_ERROR;
				CLANG_WARN_QUOTED_INCLUDE_IN_FRAMEWORK_HEADER = YES;
				CLANG_WARN_RANGE_LOOP_ANALYSIS = YES;
				CLANG_WARN_STRICT_PROTOTYPES = YES;
				CLANG_WARN_SUSPICIOUS_MOVE = YES;
				CLANG_WARN_UNGUARDED_AVAILABILITY = YES_AGGRESSIVE;
				CLANG_WARN_UNREACHABLE_CODE = YES;
				CLANG_WARN__DUPLICATE_METHOD_MATCH = YES;
				COPY_PHASE_STRIP = NO;
				DEBUG_INFORMATION_FORMAT = dwarf;
				ENABLE_STRICT_OBJC_MSGSEND = YES;
				ENABLE_TESTABILITY = YES;
				ENABLE_USER_SCRIPT_SANDBOXING = YES;
				GCC_C_LANGUAGE_STANDARD = gnu17;
				GCC_DYNAMIC_NO_PIC = NO;
				GCC_NO_COMMON_BLOCKS = YES;
				GCC_OPTIMIZATION_LEVEL = 0;
				GCC_PREPROCESSOR_DEFINITIONS = (
					"DEBUG=1",
					"$(inherited)",
				);
				GCC_WARN_64_TO_32_BIT_CONVERSION = YES;
				GCC_WARN_ABOUT_RETURN_TYPE = YES_ERROR;
				GCC_WARN_UNDECLARED_SELECTOR = YES;
				GCC_WARN_UNINITIALIZED_AUTOS = YES_AGGRESSIVE;
				GCC_WARN_UNUSED_FUNCTION = YES;
				GCC_WARN_UNUSED_VARIABLE = YES;
				IPHONEOS_DEPLOYMENT_TARGET = 17.0;
				LOCALIZATION_PREFERS_STRING_CATALOGS = YES;
				MTL_ENABLE_DEBUG_INFO = INCLUDE_SOURCE;
				MTL_FAST_MATH = YES;
				ONLY_ACTIVE_ARCH = YES;
				SDKROOT = iphoneos;
				SWIFT_ACTIVE_COMPILATION_CONDITIONS = "DEBUG $(inherited)";
				SWIFT_OPTIMIZATION_LEVEL = "-Onone";
			};
			name = Debug;
		};
		E15910602AFCF76B00B8BD9A /* Release */ = {
			isa = XCBuildConfiguration;
			buildSettings = {
				ALWAYS_SEARCH_USER_PATHS = NO;
				ASSETCATALOG_COMPILER_GENERATE_SWIFT_ASSET_SYMBOL_EXTENSIONS = YES;
				CLANG_ANALYZER_NONNULL = YES;
				CLANG_ANALYZER_NUMBER_OBJECT_CONVERSION = YES_AGGRESSIVE;
				CLANG_CXX_LANGUAGE_STANDARD = "gnu++20";
				CLANG_ENABLE_MODULES = YES;
				CLANG_ENABLE_OBJC_ARC = YES;
				CLANG_ENABLE_OBJC_WEAK = YES;
				CLANG_WARN_BLOCK_CAPTURE_AUTORELEASING = YES;
				CLANG_WARN_BOOL_CONVERSION = YES;
				CLANG_WARN_COMMA = YES;
				CLANG_WARN_CONSTANT_CONVERSION = YES;
				CLANG_WARN_DEPRECATED_OBJC_IMPLEMENTATIONS = YES;
				CLANG_WARN_DIRECT_OBJC_ISA_USAGE = YES_ERROR;
				CLANG_WARN_DOCUMENTATION_COMMENTS = YES;
				CLANG_WARN_EMPTY_BODY = YES;
				CLANG_WARN_ENUM_CONVERSION = YES;
				CLANG_WARN_INFINITE_RECURSION = YES;
				CLANG_WARN_INT_CONVERSION = YES;
				CLANG_WARN_NON_LITERAL_NULL_CONVERSION = YES;
				CLANG_WARN_OBJC_IMPLICIT_RETAIN_SELF = YES;
				CLANG_WARN_OBJC_LITERAL_CONVERSION = YES;
				CLANG_WARN_OBJC_ROOT_CLASS = YES_ERROR;
				CLANG_WARN_QUOTED_INCLUDE_IN_FRAMEWORK_HEADER = YES;
				CLANG_WARN_RANGE_LOOP_ANALYSIS = YES;
				CLANG_WARN_STRICT_PROTOTYPES = YES;
				CLANG_WARN_SUSPICIOUS_MOVE = YES;
				CLANG_WARN_UNGUARDED_AVAILABILITY = YES_AGGRESSIVE;
				CLANG_WARN_UNREACHABLE_CODE = YES;
				CLANG_WARN__DUPLICATE_METHOD_MATCH = YES;
				COPY_PHASE_STRIP = NO;
				DEBUG_INFORMATION_FORMAT = "dwarf-with-dsym";
				ENABLE_NS_ASSERTIONS = NO;
				ENABLE_STRICT_OBJC_MSGSEND = YES;
				ENABLE_USER_SCRIPT_SANDBOXING = YES;
				GCC_C_LANGUAGE_STANDARD = gnu17;
				GCC_NO_COMMON_BLOCKS = YES;
				GCC_WARN_64_TO_32_BIT_CONVERSION = YES;
				GCC_WARN_ABOUT_RETURN_TYPE = YES_ERROR;
				GCC_WARN_UNDECLARED_SELECTOR = YES;
				GCC_WARN_UNINITIALIZED_AUTOS = YES_AGGRESSIVE;
				GCC_WARN_UNUSED_FUNCTION = YES;
				GCC_WARN_UNUSED_VARIABLE = YES;
				IPHONEOS_DEPLOYMENT_TARGET = 17.0;
				LOCALIZATION_PREFERS_STRING_CATALOGS = YES;
				MTL_ENABLE_DEBUG_INFO = NO;
				MTL_FAST_MATH = YES;
				SDKROOT = iphoneos;
				SWIFT_COMPILATION_MODE = wholemodule;
				VALIDATE_PRODUCT = YES;
			};
			name = Release;
		};
		E15910622AFCF76B00B8BD9A /* Debug */ = {
			isa = XCBuildConfiguration;
			buildSettings = {
				ASSETCATALOG_COMPILER_APPICON_NAME = AppIcon;
				ASSETCATALOG_COMPILER_GLOBAL_ACCENT_COLOR_NAME = AccentColor;
				CODE_SIGN_STYLE = Automatic;
				CURRENT_PROJECT_VERSION = 1;
				DEVELOPMENT_ASSET_PATHS = "\"SwiftUIMovieDb/Preview Content\"";
				DEVELOPMENT_TEAM = HKTR89F43N;
				ENABLE_PREVIEWS = YES;
				GENERATE_INFOPLIST_FILE = YES;
				INFOPLIST_KEY_UIApplicationSceneManifest_Generation = YES;
				INFOPLIST_KEY_UIApplicationSupportsIndirectInputEvents = YES;
				INFOPLIST_KEY_UILaunchScreen_Generation = YES;
				INFOPLIST_KEY_UISupportedInterfaceOrientations_iPad = "UIInterfaceOrientationPortrait UIInterfaceOrientationPortraitUpsideDown UIInterfaceOrientationLandscapeLeft UIInterfaceOrientationLandscapeRight";
				INFOPLIST_KEY_UISupportedInterfaceOrientations_iPhone = "UIInterfaceOrientationPortrait UIInterfaceOrientationLandscapeLeft UIInterfaceOrientationLandscapeRight";
				LD_RUNPATH_SEARCH_PATHS = (
					"$(inherited)",
					"@executable_path/Frameworks",
				);
				MARKETING_VERSION = 1.0;
				PRODUCT_BUNDLE_IDENTIFIER = "giorgio-mazzei.SwiftUIMovieDb";
				PRODUCT_NAME = "$(TARGET_NAME)";
				SWIFT_EMIT_LOC_STRINGS = YES;
				SWIFT_VERSION = 5.0;
				TARGETED_DEVICE_FAMILY = "1,2";
			};
			name = Debug;
		};
		E15910632AFCF76B00B8BD9A /* Release */ = {
			isa = XCBuildConfiguration;
			buildSettings = {
				ASSETCATALOG_COMPILER_APPICON_NAME = AppIcon;
				ASSETCATALOG_COMPILER_GLOBAL_ACCENT_COLOR_NAME = AccentColor;
				CODE_SIGN_STYLE = Automatic;
				CURRENT_PROJECT_VERSION = 1;
				DEVELOPMENT_ASSET_PATHS = "\"SwiftUIMovieDb/Preview Content\"";
				DEVELOPMENT_TEAM = HKTR89F43N;
				ENABLE_PREVIEWS = YES;
				GENERATE_INFOPLIST_FILE = YES;
				INFOPLIST_KEY_UIApplicationSceneManifest_Generation = YES;
				INFOPLIST_KEY_UIApplicationSupportsIndirectInputEvents = YES;
				INFOPLIST_KEY_UILaunchScreen_Generation = YES;
				INFOPLIST_KEY_UISupportedInterfaceOrientations_iPad = "UIInterfaceOrientationPortrait UIInterfaceOrientationPortraitUpsideDown UIInterfaceOrientationLandscapeLeft UIInterfaceOrientationLandscapeRight";
				INFOPLIST_KEY_UISupportedInterfaceOrientations_iPhone = "UIInterfaceOrientationPortrait UIInterfaceOrientationLandscapeLeft UIInterfaceOrientationLandscapeRight";
				LD_RUNPATH_SEARCH_PATHS = (
					"$(inherited)",
					"@executable_path/Frameworks",
				);
				MARKETING_VERSION = 1.0;
				PRODUCT_BUNDLE_IDENTIFIER = "giorgio-mazzei.SwiftUIMovieDb";
				PRODUCT_NAME = "$(TARGET_NAME)";
				SWIFT_EMIT_LOC_STRINGS = YES;
				SWIFT_VERSION = 5.0;
				TARGETED_DEVICE_FAMILY = "1,2";
			};
			name = Release;
		};
		E15910652AFCF76B00B8BD9A /* Debug */ = {
			isa = XCBuildConfiguration;
			buildSettings = {
				ALWAYS_EMBED_SWIFT_STANDARD_LIBRARIES = YES;
				BUNDLE_LOADER = "$(TEST_HOST)";
				CODE_SIGN_STYLE = Automatic;
				CURRENT_PROJECT_VERSION = 1;
				DEVELOPMENT_TEAM = HKTR89F43N;
				GENERATE_INFOPLIST_FILE = YES;
				IPHONEOS_DEPLOYMENT_TARGET = 17.0;
				MARKETING_VERSION = 1.0;
				PRODUCT_BUNDLE_IDENTIFIER = "giorgio-mazzei.SwiftUIMovieDbTests";
				PRODUCT_NAME = "$(TARGET_NAME)";
				SWIFT_EMIT_LOC_STRINGS = NO;
				SWIFT_VERSION = 5.0;
				TARGETED_DEVICE_FAMILY = "1,2";
				TEST_HOST = "$(BUILT_PRODUCTS_DIR)/SwiftUIMovieDb.app/$(BUNDLE_EXECUTABLE_FOLDER_PATH)/SwiftUIMovieDb";
			};
			name = Debug;
		};
		E15910662AFCF76B00B8BD9A /* Release */ = {
			isa = XCBuildConfiguration;
			buildSettings = {
				ALWAYS_EMBED_SWIFT_STANDARD_LIBRARIES = YES;
				BUNDLE_LOADER = "$(TEST_HOST)";
				CODE_SIGN_STYLE = Automatic;
				CURRENT_PROJECT_VERSION = 1;
				DEVELOPMENT_TEAM = HKTR89F43N;
				GENERATE_INFOPLIST_FILE = YES;
				IPHONEOS_DEPLOYMENT_TARGET = 17.0;
				MARKETING_VERSION = 1.0;
				PRODUCT_BUNDLE_IDENTIFIER = "giorgio-mazzei.SwiftUIMovieDbTests";
				PRODUCT_NAME = "$(TARGET_NAME)";
				SWIFT_EMIT_LOC_STRINGS = NO;
				SWIFT_VERSION = 5.0;
				TARGETED_DEVICE_FAMILY = "1,2";
				TEST_HOST = "$(BUILT_PRODUCTS_DIR)/SwiftUIMovieDb.app/$(BUNDLE_EXECUTABLE_FOLDER_PATH)/SwiftUIMovieDb";
			};
			name = Release;
		};
		E15910682AFCF76B00B8BD9A /* Debug */ = {
			isa = XCBuildConfiguration;
			buildSettings = {
				ALWAYS_EMBED_SWIFT_STANDARD_LIBRARIES = YES;
				CODE_SIGN_STYLE = Automatic;
				CURRENT_PROJECT_VERSION = 1;
				DEVELOPMENT_TEAM = HKTR89F43N;
				GENERATE_INFOPLIST_FILE = YES;
				MARKETING_VERSION = 1.0;
				PRODUCT_BUNDLE_IDENTIFIER = "giorgio-mazzei.SwiftUIMovieDbUITests";
				PRODUCT_NAME = "$(TARGET_NAME)";
				SWIFT_EMIT_LOC_STRINGS = NO;
				SWIFT_VERSION = 5.0;
				TARGETED_DEVICE_FAMILY = "1,2";
				TEST_TARGET_NAME = SwiftUIMovieDb;
			};
			name = Debug;
		};
		E15910692AFCF76B00B8BD9A /* Release */ = {
			isa = XCBuildConfiguration;
			buildSettings = {
				ALWAYS_EMBED_SWIFT_STANDARD_LIBRARIES = YES;
				CODE_SIGN_STYLE = Automatic;
				CURRENT_PROJECT_VERSION = 1;
				DEVELOPMENT_TEAM = HKTR89F43N;
				GENERATE_INFOPLIST_FILE = YES;
				MARKETING_VERSION = 1.0;
				PRODUCT_BUNDLE_IDENTIFIER = "giorgio-mazzei.SwiftUIMovieDbUITests";
				PRODUCT_NAME = "$(TARGET_NAME)";
				SWIFT_EMIT_LOC_STRINGS = NO;
				SWIFT_VERSION = 5.0;
				TARGETED_DEVICE_FAMILY = "1,2";
				TEST_TARGET_NAME = SwiftUIMovieDb;
			};
			name = Release;
		};
/* End XCBuildConfiguration section */

/* Begin XCConfigurationList section */
		E15910382AFCF76A00B8BD9A /* Build configuration list for PBXProject "SwiftUIMovieDb" */ = {
			isa = XCConfigurationList;
			buildConfigurations = (
				E159105F2AFCF76B00B8BD9A /* Debug */,
				E15910602AFCF76B00B8BD9A /* Release */,
			);
			defaultConfigurationIsVisible = 0;
			defaultConfigurationName = Release;
		};
		E15910612AFCF76B00B8BD9A /* Build configuration list for PBXNativeTarget "SwiftUIMovieDb" */ = {
			isa = XCConfigurationList;
			buildConfigurations = (
				E15910622AFCF76B00B8BD9A /* Debug */,
				E15910632AFCF76B00B8BD9A /* Release */,
			);
			defaultConfigurationIsVisible = 0;
			defaultConfigurationName = Release;
		};
		E15910642AFCF76B00B8BD9A /* Build configuration list for PBXNativeTarget "SwiftUIMovieDbTests" */ = {
			isa = XCConfigurationList;
			buildConfigurations = (
				E15910652AFCF76B00B8BD9A /* Debug */,
				E15910662AFCF76B00B8BD9A /* Release */,
			);
			defaultConfigurationIsVisible = 0;
			defaultConfigurationName = Release;
		};
		E15910672AFCF76B00B8BD9A /* Build configuration list for PBXNativeTarget "SwiftUIMovieDbUITests" */ = {
			isa = XCConfigurationList;
			buildConfigurations = (
				E15910682AFCF76B00B8BD9A /* Debug */,
				E15910692AFCF76B00B8BD9A /* Release */,
			);
			defaultConfigurationIsVisible = 0;
			defaultConfigurationName = Release;
		};
/* End XCConfigurationList section */
	};
	rootObject = E15910352AFCF76A00B8BD9A /* Project object */;
}
